
Microsoft Visual Studio Solution File, Format Version 12.00
# Visual Studio Version 17
VisualStudioVersion = 17.11.35312.102
MinimumVisualStudioVersion = 10.0.40219.1
Project("{FAE04EC0-301F-11D3-BF4B-00C04F79EFBC}") = "Proje_Otomat", "Proje_Otomat\Proje_Otomat.csproj", "{9DDB86BC-73BF-4F4B-9FBB-073F4E4419D7}"
EndProject
Project("{FAE04EC0-301F-11D3-BF4B-00C04F79EFBC}") = "01_Methods", "01_Methods\01_Methods.csproj", "{DABEFF69-3681-409F-97FC-E56C2AB2FD26}"
EndProject
Global
	GlobalSection(SolutionConfigurationPlatforms) = preSolution
		Debug|Any CPU = Debug|Any CPU
		Release|Any CPU = Release|Any CPU
	EndGlobalSection
	GlobalSection(ProjectConfigurationPlatforms) = postSolution
		{9DDB86BC-73BF-4F4B-9FBB-073F4E4419D7}.Debug|Any CPU.ActiveCfg = Debug|Any CPU
		{9DDB86BC-73BF-4F4B-9FBB-073F4E4419D7}.Debug|Any CPU.Build.0 = Debug|Any CPU
		{9DDB86BC-73BF-4F4B-9FBB-073F4E4419D7}.Release|Any CPU.ActiveCfg = Release|Any CPU
		{9DDB86BC-73BF-4F4B-9FBB-073F4E4419D7}.Release|Any CPU.Build.0 = Release|Any CPU
		{DABEFF69-3681-409F-97FC-E56C2AB2FD26}.Debug|Any CPU.ActiveCfg = Debug|Any CPU
		{DABEFF69-3681-409F-97FC-E56C2AB2FD26}.Debug|Any CPU.Build.0 = Debug|Any CPU
		{DABEFF69-3681-409F-97FC-E56C2AB2FD26}.Release|Any CPU.ActiveCfg = Release|Any CPU
		{DABEFF69-3681-409F-97FC-E56C2AB2FD26}.Release|Any CPU.Build.0 = Release|Any CPU
	EndGlobalSection
	GlobalSection(SolutionProperties) = preSolution
		HideSolutionNode = FALSE
	EndGlobalSection
	GlobalSection(ExtensibilityGlobals) = postSolution
		SolutionGuid = {94EC095A-3769-4347-BB32-C7704738DE80}
	EndGlobalSection
EndGlobal
